
Microsoft Visual Studio Solution File, Format Version 12.00
# Visual Studio Version 17
VisualStudioVersion = 17.4.33122.133
MinimumVisualStudioVersion = 10.0.40219.1
Project("{9A19103F-16F7-4668-BE54-9A1E7A4F7556}") = "TestProject2", "TestProject2\TestProject2.csproj", "{7C143A14-7C7F-4B08-8A9B-8F1CDE19FEC4}"
EndProject
Project("{FAE04EC0-301F-11D3-BF4B-00C04F79EFBC}") = "Shared", "Shared1\Shared.csproj", "{B8A21337-9A41-461F-89B1-D12EC9C0FE1E}"
EndProject
Global
	GlobalSection(SolutionConfigurationPlatforms) = preSolution
		Debug|Any CPU = Debug|Any CPU
		Release|Any CPU = Release|Any CPU
	EndGlobalSection
	GlobalSection(ProjectConfigurationPlatforms) = postSolution
		{7C143A14-7C7F-4B08-8A9B-8F1CDE19FEC4}.Debug|Any CPU.ActiveCfg = Debug|Any CPU
		{7C143A14-7C7F-4B08-8A9B-8F1CDE19FEC4}.Debug|Any CPU.Build.0 = Debug|Any CPU
		{7C143A14-7C7F-4B08-8A9B-8F1CDE19FEC4}.Release|Any CPU.ActiveCfg = Release|Any CPU
		{7C143A14-7C7F-4B08-8A9B-8F1CDE19FEC4}.Release|Any CPU.Build.0 = Release|Any CPU
		{B8A21337-9A41-461F-89B1-D12EC9C0FE1E}.Debug|Any CPU.ActiveCfg = Debug|Any CPU
		{B8A21337-9A41-461F-89B1-D12EC9C0FE1E}.Debug|Any CPU.Build.0 = Debug|Any CPU
		{B8A21337-9A41-461F-89B1-D12EC9C0FE1E}.Release|Any CPU.ActiveCfg = Release|Any CPU
		{B8A21337-9A41-461F-89B1-D12EC9C0FE1E}.Release|Any CPU.Build.0 = Release|Any CPU
	EndGlobalSection
	GlobalSection(SolutionProperties) = preSolution
		HideSolutionNode = FALSE
	EndGlobalSection
	GlobalSection(ExtensibilityGlobals) = postSolution
		SolutionGuid = {E8FC720D-9D1E-4447-8156-94430219833B}
	EndGlobalSection
EndGlobal
